
Microsoft Visual Studio Solution File, Format Version 12.00
# Visual Studio Version 17
VisualStudioVersion = 17.7.34202.233
MinimumVisualStudioVersion = 10.0.40219.1
Project("{FAE04EC0-301F-11D3-BF4B-00C04F79EFBC}") = "Dz11", "Dz11\Dz11.csproj", "{39FD5267-71AF-4B87-A46F-0D9FED70E1D1}"
EndProject
Global
	GlobalSection(SolutionConfigurationPlatforms) = preSolution
		Debug|Any CPU = Debug|Any CPU
		Release|Any CPU = Release|Any CPU
	EndGlobalSection
	GlobalSection(ProjectConfigurationPlatforms) = postSolution
		{39FD5267-71AF-4B87-A46F-0D9FED70E1D1}.Debug|Any CPU.ActiveCfg = Debug|Any CPU
		{39FD5267-71AF-4B87-A46F-0D9FED70E1D1}.Debug|Any CPU.Build.0 = Debug|Any CPU
		{39FD5267-71AF-4B87-A46F-0D9FED70E1D1}.Release|Any CPU.ActiveCfg = Release|Any CPU
		{39FD5267-71AF-4B87-A46F-0D9FED70E1D1}.Release|Any CPU.Build.0 = Release|Any CPU
	EndGlobalSection
	GlobalSection(SolutionProperties) = preSolution
		HideSolutionNode = FALSE
	EndGlobalSection
	GlobalSection(ExtensibilityGlobals) = postSolution
		SolutionGuid = {5FEEC674-728A-4AC6-BDF9-9D50949C4AFB}
	EndGlobalSection
EndGlobal
